name: reactr
channels:
  - conda-forge
  - bioconda
  - defaults
dependencies:
  - _openmp_mutex=4.5
  - amply=0.1.7
  - annotated-doc=0.0.4
  - annotated-types=0.7.0
  - archspec=0.2.5
  - argcomplete=3.6.2
  - argh=0.31.3
  - argparse-dataclass=2.0.0
  - attrs=26.1.0
  - bcbio-gff=0.7.1
  - bedtools=2.31.1
  - biopython=1.85
  - blas=2.139
  - blas-devel=3.9.0
  - blast=2.16.0
  - boltons=24.0.0
  - brotli-python=1.1.0
  - bx-python=0.14.0
  - bzip2=1.0.8
  - c-ares=1.34.5
  - ca-certificates=2025.11.12
  - certifi=2025.11.12
  - cffi=1.17.1
  - charset-normalizer=3.4.2
  - coin-or-cbc=2.10.13
  - coin-or-cgl=0.60.10
  - coin-or-clp=1.17.11
  - coin-or-osi=0.108.12
  - coin-or-utils=2.11.13
  - colorama=0.4.6
  - coloredlogs=15.0.1
  - conda=25.7.0
  - conda-inject=1.3.2
  - conda-libmamba-solver=25.3.0
  - conda-package-handling=2.4.0
  - conda-package-streaming=0.11.0
  - configargparse=1.7.5
  - connection_pool=0.0.3
  - cpp-expected=1.1.0
  - curl=8.13.0
  - diamond=2.1.12
  - distro=1.9.0
  - docutils=0.22.4
  - dpath=2.2.0
  - eido=0.2.5
  - emboss=6.6.0
  - entrez-direct=22.4
  - expat=2.8.1
  - fmt=11.1.4
  - font-ttf-dejavu-sans-mono=2.37
  - font-ttf-inconsolata=3.000
  - font-ttf-source-code-pro=2.038
  - font-ttf-ubuntu=0.83
  - fontconfig=2.15.0
  - fonts-conda-ecosystem=1
  - fonts-conda-forge=1
  - freetype=2.13.3
  - frozendict=2.4.6
  - gffread=0.12.7
  - gffutils=0.13
  - giflib=5.2.2
  - gitdb=4.0.12
  - gitpython=3.1.52
  - gmap=2025.07.31
  - greenlet=3.5.3
  - gsl=2.7
  - h2=4.2.0
  - hmmer=3.4
  - hpack=4.1.0
  - humanfriendly=10.0
  - hyperframe=6.1.0
  - hyphy=2.5.73
  - icu=73.2
  - idna=3.10
  - immutables=0.21
  - importlib-metadata=8.7.0
  - iqtree=3.0.1
  - jinja2=3.1.6
  - joblib=1.5.1
  - jsonpatch=1.33
  - jsonpointer=3.0.0
  - jsonschema=4.26.0
  - jsonschema-specifications=2025.9.1
  - jupyter_core=5.9.1
  - kakscalculator2=2.0.1
  - krb5=1.21.3
  - lerc=4.0.0
  - libarchive=3.7.7
  - libasprintf=0.25.1
  - libblas=3.9.0
  - libcblas=3.9.0
  - libcurl=8.13.0
  - libcxx=22.1.8
  - libdeflate=1.24
  - libedit=3.1.20250104
  - libev=4.33
  - libexpat=2.8.1
  - libffi=3.4.6
  - libfreetype=2.13.3
  - libfreetype6=2.13.3
  - libgcc=15.2.0
  - libgd=2.3.3
  - libgettextpo=0.25.1
  - libgfortran=15.2.0
  - libgfortran5=15.2.0
  - libharu=2.4.5
  - libiconv=1.18
  - libidn2=2.3.8
  - libintl=0.25.1
  - libjpeg-turbo=3.1.0
  - liblapack=3.9.0
  - liblapacke=3.9.0
  - liblzma=5.8.1
  - liblzma-devel=5.8.1
  - libmamba=2.1.1
  - libmambapy=2.1.1
  - libnghttp2=1.64.0
  - libopenblas=0.3.30
  - libpng=1.6.50
  - libsolv=0.7.32
  - libsqlite=3.49.2
  - libssh2=1.11.1
  - libtiff=4.7.0
  - libunistring=0.9.10
  - libuv=1.52.1
  - libwebp=1.6.0
  - libwebp-base=1.6.0
  - libxml2=2.13.8
  - libxslt=1.1.43
  - libzlib=1.3.1
  - llvm-openmp=20.1.8
  - logmuse=0.3.0
  - lz4-c=1.10.0
  - lzo=2.10
  - mamba=2.1.1
  - markdown-it-py=4.2.0
  - mdurl=0.1.2
  - meme=5.5.9
  - menuinst=2.2.0
  - mpi=1.0
  - nbformat=5.10.4
  - ncbi-datasets-cli=18.30.1
  - ncbi-vdb=3.2.1
  - ncurses=6.5
  - nlohmann_json=3.11.3
  - nodejs=22.6.0
  - numpy=2.3.2
  - openblas=0.3.30
  - openjdk=8.0.472
  - openmpi=4.1.6
  - openssl=3.6.0
  - packaging=25.0
  - pal2nal=14.1
  - paml=4.10.9
  - pandas=2.3.3
  - pephubclient=0.4.4
  - peppy=0.40.8
  - perl=5.32.1
  - perl-app-cpanminus=1.7048
  - perl-archive-tar=3.04
  - perl-b-cow=0.007
  - perl-base=2.23
  - perl-business-isbn=3.007
  - perl-business-isbn-data=20210112.006
  - perl-carp=1.38
  - perl-cgi=4.72
  - perl-clone=0.46
  - perl-common-sense=3.75
  - perl-compress-raw-bzip2=2.201
  - perl-compress-raw-zlib=2.202
  - perl-config-general=2.67
  - perl-constant=1.33
  - perl-dbi=1.651
  - perl-digest-md5=2.59
  - perl-encode=3.21
  - perl-encode-locale=1.05
  - perl-exporter=5.72
  - perl-exporter-tiny=1.002002
  - perl-extutils-makemaker=7.70
  - perl-file-path=2.18
  - perl-file-spec=3.48_01
  - perl-file-temp=0.2304
  - perl-file-util=4.201720
  - perl-file-which=1.24
  - perl-getopt-long=2.58
  - perl-html-parser=3.83
  - perl-html-tagset=3.24
  - perl-html-template=2.97
  - perl-html-tree=5.07
  - perl-http-date=6.08
  - perl-http-message=7.02
  - perl-inc-latest=0.500
  - perl-io-compress=2.201
  - perl-io-html=1.004
  - perl-io-zlib=1.15
  - perl-json=4.10
  - perl-json-xs=4.03
  - perl-lib=0.63
  - perl-list-moreutils=0.430
  - perl-list-moreutils-xs=0.430
  - perl-log-log4perl=1.56
  - perl-lwp-mediatypes=6.04
  - perl-math-cdf=0.1
  - perl-mime-base64=3.16
  - perl-module-build=0.4234
  - perl-parent=0.236
  - perl-pathtools=3.75
  - perl-scalar-list-utils=1.70
  - perl-storable=3.15
  - perl-sys-info=0.7811
  - perl-sys-info-base=0.7807
  - perl-sys-info-driver-linux=0.7911
  - perl-test-fatal=0.016
  - perl-test-needs=0.002009
  - perl-test-warnings=0.031
  - perl-text-template-simple=0.91
  - perl-time-local=1.35
  - perl-timedate=2.35
  - perl-try-tiny=0.32
  - perl-types-serialiser=1.01
  - perl-unix-processors=2.046
  - perl-uri=5.35
  - perl-url-encode=0.03
  - perl-xml-namespacesupport=1.12
  - perl-xml-parser=2.44_01
  - perl-xml-sax=1.02
  - perl-xml-sax-base=1.09
  - perl-xml-sax-expat=0.51
  - perl-xml-simple=2.25
  - perl-yaml=1.30
  - pip=25.1.1
  - platformdirs=4.3.8
  - pluggy=1.5.0
  - primer3=2.6.1
  - psutil=7.2.2
  - pulp=2.8.0
  - pybind11-abi=4
  - pycosat=0.6.6
  - pycparser=2.22
  - pyfaidx=0.8.1.4
  - pygments=2.20.0
  - pyparsing=3.2.3
  - pysocks=1.7.1
  - python=3.12.10
  - python-dateutil=2.9.0.post0
  - python-fastjsonschema=2.21.2
  - python_abi=3.12
  - pyvcf3=1.0.4
  - pyyaml=6.0.3
  - readline=8.2
  - referencing=0.37.0
  - reproc=14.2.5.post0
  - reproc-cpp=14.2.5.post0
  - requests=2.32.3
  - rich=15.0.0
  - rpds-py=2026.6.3
  - rpsbproc=0.5.0
  - ruamel.yaml=0.18.10
  - ruamel.yaml.clib=0.2.8
  - scikit-learn=1.7.1
  - scipy=1.16.0
  - setuptools=80.1.0
  - shellingham=1.5.4
  - simdjson=3.12.3
  - simplejson=3.20.1
  - six=1.17.0
  - slack-sdk=3.43.0
  - slack_sdk=3.43.0
  - smart_open=7.7.1
  - smmap=5.0.3
  - snakemake=9.23.1
  - snakemake-interface-common=1.23.0
  - snakemake-interface-executor-plugins=9.4.0
  - snakemake-interface-logger-plugins=2.1.0
  - snakemake-interface-report-plugins=1.3.0
  - snakemake-interface-scheduler-plugins=2.0.2
  - snakemake-interface-storage-plugins=4.4.1
  - snakemake-minimal=9.23.1
  - sqlalchemy=2.0.51
  - sqlmodel=0.0.37
  - tabulate=0.10.0
  - tenacity=9.1.4
  - threadpoolctl=3.6.0
  - throttler=1.2.2
  - tk=8.6.13
  - toml=0.10.2
  - tqdm=4.67.1
  - traitlets=5.15.1
  - truststore=0.10.1
  - typer=0.27.0
  - typing-inspection=0.4.2
  - ubiquerg=0.9.3
  - urllib3=2.4.0
  - wget=1.21.4
  - wheel=0.45.1
  - wrapt=1.17.3
  - xz=5.8.1
  - xz-gpl-tools=5.8.1
  - xz-tools=5.8.1
  - yaml=0.2.5
  - yaml-cpp=0.8.0
  - yte=1.9.4
  - zipp=3.23.0
  - zlib=1.3.1
  - zstandard=0.23.0
  - zstd=1.5.7
  - pip:
      - anthropic==0.37.1
      - anyio==4.12.0
      - bcbio-nextgen==1.1.5
      - blinker==1.9.0
      - click==8.2.1
      - contourpy==1.3.3
      - cycler==0.12.1
      - dna-features-viewer==3.1.5
      - filelock==3.20.1
      - flask==3.1.1
      - fonttools==4.61.1
      - fsspec==2025.12.0
      - h11==0.16.0
      - hf-xet==1.2.0
      - httpcore==1.0.9
      - httpx==0.28.1
      - huggingface-hub==1.2.3
      - itsdangerous==2.2.0
      - jiter==0.12.0
      - kiwisolver==1.4.9
      - localizer==0.1.1
      - markupsafe==3.0.2
      - matplotlib==3.10.8
      - pillow==12.0.0
      - pydantic==2.12.5
      - pydantic-core==2.41.5
      - pygenomeviz==1.6.1
      - pytabix==0.1
      - pytz==2025.2
      - run-cello==0.1.7
      - sniffio==1.3.1
      - tokenizers==0.22.1
      - twobitreader==3.1.7
      - typer-slim==0.21.0
      - typing-extensions==4.15.0
      - tzdata==2025.3
      - werkzeug==3.1.3
prefix: /Users/natlee/miniforge3/envs/reactr
